// !$*UTF8*$!
{
	archiveVersion = 1;
	classes = {
	};
	objectVersion = 50;
	objects = {

/* Begin PBXBuildFile section */
		EAD7C81A23C1E3860074A554 /* AppDelegate.swift in Sources */ = {isa = PBXBuildFile; fileRef = EAD7C81923C1E3860074A554 /* AppDelegate.swift */; };
		EAD7C81C23C1E3860074A554 /* MainController.swift in Sources */ = {isa = PBXBuildFile; fileRef = EAD7C81B23C1E3860074A554 /* MainController.swift */; };
		EAD7C81F23C1E3860074A554 /* Main.storyboard in Resources */ = {isa = PBXBuildFile; fileRef = EAD7C81D23C1E3860074A554 /* Main.storyboard */; };
		EAD7C82123C1E3870074A554 /* Assets.xcassets in Resources */ = {isa = PBXBuildFile; fileRef = EAD7C82023C1E3870074A554 /* Assets.xcassets */; };
		EAD7C82423C1E3870074A554 /* LaunchScreen.storyboard in Resources */ = {isa = PBXBuildFile; fileRef = EAD7C82223C1E3870074A554 /* LaunchScreen.storyboard */; };
/* End PBXBuildFile section */

/* Begin PBXFileReference section */
		EAD7C81623C1E3860074A554 /* AlHwvcDemo.app */ = {isa = PBXFileReference; explicitFileType = wrapper.application; includeInIndex = 0; path = AlHwvcDemo.app; sourceTree = BUILT_PRODUCTS_DIR; };
		EAD7C81923C1E3860074A554 /* AppDelegate.swift */ = {isa = PBXFileReference; lastKnownFileType = sourcecode.swift; path = AppDelegate.swift; sourceTree = "<group>"; };
		EAD7C81B23C1E3860074A554 /* MainController.swift */ = {isa = PBXFileReference; lastKnownFileType = sourcecode.swift; path = MainController.swift; sourceTree = "<group>"; };
		EAD7C81E23C1E3860074A554 /* Base */ = {isa = PBXFileReference; lastKnownFileType = file.storyboard; name = Base; path = Base.lproj/Main.storyboard; sourceTree = "<group>"; };
		EAD7C82023C1E3870074A554 /* Assets.xcassets */ = {isa = PBXFileReference; lastKnownFileType = folder.assetcatalog; path = Assets.xcassets; sourceTree = "<group>"; };
		EAD7C82323C1E3870074A554 /* Base */ = {isa = PBXFileReference; lastKnownFileType = file.storyboard; name = Base; path = Base.lproj/LaunchScreen.storyboard; sourceTree = "<group>"; };
		EAD7C82523C1E3870074A554 /* Info.plist */ = {isa = PBXFileReference; lastKnownFileType = text.plist.xml; path = Info.plist; sourceTree = "<group>"; };
/* End PBXFileReference section */

/* Begin PBXFrameworksBuildPhase section */
		EAD7C81323C1E3860074A554 /* Frameworks */ = {
			isa = PBXFrameworksBuildPhase;
			buildActionMask = 2147483647;
			files = (
			);
			runOnlyForDeploymentPostprocessing = 0;
		};
/* End PBXFrameworksBuildPhase section */

/* Begin PBXGroup section */
		EAD7C80D23C1E3860074A554 = {
			isa = PBXGroup;
			children = (
				EAD7C81823C1E3860074A554 /* AlHwvcDemo */,
				EAD7C81723C1E3860074A554 /* Products */,
			);
			sourceTree = "<group>";
		};
		EAD7C81723C1E3860074A554 /* Products */ = {
			isa = PBXGroup;
			children = (
				EAD7C81623C1E3860074A554 /* AlHwvcDemo.app */,
			);
			name = Products;
			sourceTree = "<group>";
		};
		EAD7C81823C1E3860074A554 /* AlHwvcDemo */ = {
			isa = PBXGroup;
			children = (
				EAD7C82B23C1E39F0074A554 /* ui */,
				EAD7C81923C1E3860074A554 /* AppDelegate.swift */,
				EAD7C81D23C1E3860074A554 /* Main.storyboard */,
				EAD7C82023C1E3870074A554 /* Assets.xcassets */,
				EAD7C82223C1E3870074A554 /* LaunchScreen.storyboard */,
				EAD7C82523C1E3870074A554 /* Info.plist */,
			);
			path = AlHwvcDemo;
			sourceTree = "<group>";
		};
		EAD7C82B23C1E39F0074A554 /* ui */ = {
			isa = PBXGroup;
			children = (
				EAD7C82C23C1E3A50074A554 /* main */,
			);
			path = ui;
			sourceTree = "<group>";
		};
		EAD7C82C23C1E3A50074A554 /* main */ = {
			isa = PBXGroup;
			children = (
				EAD7C81B23C1E3860074A554 /* MainController.swift */,
			);
			path = main;
			sourceTree = "<group>";
		};
/* End PBXGroup section */

/* Begin PBXNativeTarget section */
		EAD7C81523C1E3860074A554 /* AlHwvcDemo */ = {
			isa = PBXNativeTarget;
			buildConfigurationList = EAD7C82823C1E3870074A554 /* Build configuration list for PBXNativeTarget "AlHwvcDemo" */;
			buildPhases = (
				EAD7C81223C1E3860074A554 /* Sources */,
				EAD7C81323C1E3860074A554 /* Frameworks */,
				EAD7C81423C1E3860074A554 /* Resources */,
			);
			buildRules = (
			);
			dependencies = (
			);
			name = AlHwvcDemo;
			productName = AlHwvcDemo;
			productReference = EAD7C81623C1E3860074A554 /* AlHwvcDemo.app */;
			productType = "com.apple.product-type.application";
		};
/* End PBXNativeTarget section */

/* Begin PBXProject section */
		EAD7C80E23C1E3860074A554 /* Project object */ = {
			isa = PBXProject;
			attributes = {
				LastSwiftUpdateCheck = 1030;
				LastUpgradeCheck = 1030;
				ORGANIZATIONNAME = Alimin;
				TargetAttributes = {
					EAD7C81523C1E3860074A554 = {
						CreatedOnToolsVersion = 10.3;
					};
				};
			};
			buildConfigurationList = EAD7C81123C1E3860074A554 /* Build configuration list for PBXProject "AlHwvcDemo" */;
			compatibilityVersion = "Xcode 9.3";
			developmentRegion = en;
			hasScannedForEncodings = 0;
			knownRegions = (
				en,
				Base,
			);
			mainGroup = EAD7C80D23C1E3860074A554;
			productRefGroup = EAD7C81723C1E3860074A554 /* Products */;
			projectDirPath = "";
			projectRoot = "";
			targets = (
				EAD7C81523C1E3860074A554 /* AlHwvcDemo */,
			);
		};
/* End PBXProject section */

/* Begin PBXResourcesBuildPhase section */
		EAD7C81423C1E3860074A554 /* Resources */ = {
			isa = PBXResourcesBuildPhase;
			buildActionMask = 2147483647;
			files = (
				EAD7C82423C1E3870074A554 /* LaunchScreen.storyboard in Resources */,
				EAD7C82123C1E3870074A554 /* Assets.xcassets in Resources */,
				EAD7C81F23C1E3860074A554 /* Main.storyboard in Resources */,
			);
			runOnlyForDeploymentPostprocessing = 0;
		};
/* End PBXResourcesBuildPhase section */

/* Begin PBXSourcesBuildPhase section */
		EAD7C81223C1E3860074A554 /* Sources */ = {
			isa = PBXSourcesBuildPhase;
			buildActionMask = 2147483647;
			files = (
				EAD7C81C23C1E3860074A554 /* MainController.swift in Sources */,
				EAD7C81A23C1E3860074A554 /* AppDelegate.swift in Sources */,
			);
			runOnlyForDeploymentPostprocessing = 0;
		};
/* End PBXSourcesBuildPhase section */

/* Begin PBXVariantGroup section */
		EAD7C81D23C1E3860074A554 /* Main.storyboard */ = {
			isa = PBXVariantGroup;
			children = (
				EAD7C81E23C1E3860074A554 /* Base */,
			);
			name = Main.storyboard;
			sourceTree = "<group>";
		};
		EAD7C82223C1E3870074A554 /* LaunchScreen.storyboard */ = {
			isa = PBXVariantGroup;
			children = (
				EAD7C82323C1E3870074A554 /* Base */,
			);
			name = LaunchScreen.storyboard;
			sourceTree = "<group>";
		};
/* End PBXVariantGroup section */

/* Begin XCBuildConfiguration section */
		EAD7C82623C1E3870074A554 /* Debug */ = {
			isa = XCBuildConfiguration;
			buildSettings = {
				ALWAYS_SEARCH_USER_PATHS = NO;
				CLANG_ANALYZER_NONNULL = YES;
				CLANG_ANALYZER_NUMBER_OBJECT_CONVERSION = YES_AGGRESSIVE;
				CLANG_CXX_LANGUAGE_STANDARD = "gnu++14";
				CLANG_CXX_LIBRARY = "libc++";
				CLANG_ENABLE_MODULES = YES;
				CLANG_ENABLE_OBJC_ARC = YES;
				CLANG_ENABLE_OBJC_WEAK = YES;
				CLANG_WARN_BLOCK_CAPTURE_AUTORELEASING = YES;
				CLANG_WARN_BOOL_CONVERSION = YES;
				CLANG_WARN_COMMA = YES;
				CLANG_WARN_CONSTANT_CONVERSION = YES;
				CLANG_WARN_DEPRECATED_OBJC_IMPLEMENTATIONS = YES;
				CLANG_WARN_DIRECT_OBJC_ISA_USAGE = YES_ERROR;
				CLANG_WARN_DOCUMENTATION_COMMENTS = YES;
				CLANG_WARN_EMPTY_BODY = YES;
				CLANG_WARN_ENUM_CONVERSION = YES;
				CLANG_WARN_INFINITE_RECURSION = YES;
				CLANG_WARN_INT_CONVERSION = YES;
				CLANG_WARN_NON_LITERAL_NULL_CONVERSION = YES;
				CLANG_WARN_OBJC_IMPLICIT_RETAIN_SELF = YES;
				CLANG_WARN_OBJC_LITERAL_CONVERSION = YES;
				CLANG_WARN_OBJC_ROOT_CLASS = YES_ERROR;
				CLANG_WARN_RANGE_LOOP_ANALYSIS = YES;
				CLANG_WARN_STRICT_PROTOTYPES = YES;
				CLANG_WARN_SUSPICIOUS_MOVE = YES;
				CLANG_WARN_UNGUARDED_AVAILABILITY = YES_AGGRESSIVE;
				CLANG_WARN_UNREACHABLE_CODE = YES;
				CLANG_WARN__DUPLICATE_METHOD_MATCH = YES;
				CODE_SIGN_IDENTITY = "iPhone Developer";
				COPY_PHASE_STRIP = NO;
				DEBUG_INFORMATION_FORMAT = dwarf;
				ENABLE_STRICT_OBJC_MSGSEND = YES;
				ENABLE_TESTABILITY = YES;
				GCC_C_LANGUAGE_STANDARD = gnu11;
				GCC_DYNAMIC_NO_PIC = NO;
				GCC_NO_COMMON_BLOCKS = YES;
				GCC_OPTIMIZATION_LEVEL = 0;
				GCC_PREPROCESSOR_DEFINITIONS = (
					"DEBUG=1",
					"$(inherited)",
				);
				GCC_WARN_64_TO_32_BIT_CONVERSION = YES;
				GCC_WARN_ABOUT_RETURN_TYPE = YES_ERROR;
				GCC_WARN_UNDECLARED_SELECTOR = YES;
				GCC_WARN_UNINITIALIZED_AUTOS = YES_AGGRESSIVE;
				GCC_WARN_UNUSED_FUNCTION = YES;
				GCC_WARN_UNUSED_VARIABLE = YES;
				IPHONEOS_DEPLOYMENT_TARGET = 12.4;
				MTL_ENABLE_DEBUG_INFO = INCLUDE_SOURCE;
				MTL_FAST_MATH = YES;
				ONLY_ACTIVE_ARCH = YES;
				SDKROOT = iphoneos;
				SWIFT_ACTIVE_COMPILATION_CONDITIONS = DEBUG;
				SWIFT_OPTIMIZATION_LEVEL = "-Onone";
			};
			name = Debug;
		};
		EAD7C82723C1E3870074A554 /* Release */ = {
			isa = XCBuildConfiguration;
			buildSettings = {
				ALWAYS_SEARCH_USER_PATHS = NO;
				CLANG_ANALYZER_NONNULL = YES;
				CLANG_ANALYZER_NUMBER_OBJECT_CONVERSION = YES_AGGRESSIVE;
				CLANG_CXX_LANGUAGE_STANDARD = "gnu++14";
				CLANG_CXX_LIBRARY = "libc++";
				CLANG_ENABLE_MODULES = YES;
				CLANG_ENABLE_OBJC_ARC = YES;
				CLANG_ENABLE_OBJC_WEAK = YES;
				CLANG_WARN_BLOCK_CAPTURE_AUTORELEASING = YES;
				CLANG_WARN_BOOL_CONVERSION = YES;
				CLANG_WARN_COMMA = YES;
				CLANG_WARN_CONSTANT_CONVERSION = YES;
				CLANG_WARN_DEPRECATED_OBJC_IMPLEMENTATIONS = YES;
				CLANG_WARN_DIRECT_OBJC_ISA_USAGE = YES_ERROR;
				CLANG_WARN_DOCUMENTATION_COMMENTS = YES;
				CLANG_WARN_EMPTY_BODY = YES;
				CLANG_WARN_ENUM_CONVERSION = YES;
				CLANG_WARN_INFINITE_RECURSION = YES;
				CLANG_WARN_INT_CONVERSION = YES;
				CLANG_WARN_NON_LITERAL_NULL_CONVERSION = YES;
				CLANG_WARN_OBJC_IMPLICIT_RETAIN_SELF = YES;
				CLANG_WARN_OBJC_LITERAL_CONVERSION = YES;
				CLANG_WARN_OBJC_ROOT_CLASS = YES_ERROR;
				CLANG_WARN_RANGE_LOOP_ANALYSIS = YES;
				CLANG_WARN_STRICT_PROTOTYPES = YES;
				CLANG_WARN_SUSPICIOUS_MOVE = YES;
				CLANG_WARN_UNGUARDED_AVAILABILITY = YES_AGGRESSIVE;
				CLANG_WARN_UNREACHABLE_CODE = YES;
				CLANG_WARN__DUPLICATE_METHOD_MATCH = YES;
				CODE_SIGN_IDENTITY = "iPhone Developer";
				COPY_PHASE_STRIP = NO;
				DEBUG_INFORMATION_FORMAT = "dwarf-with-dsym";
				ENABLE_NS_ASSERTIONS = NO;
				ENABLE_STRICT_OBJC_MSGSEND = YES;
				GCC_C_LANGUAGE_STANDARD = gnu11;
				GCC_NO_COMMON_BLOCKS = YES;
				GCC_WARN_64_TO_32_BIT_CONVERSION = YES;
				GCC_WARN_ABOUT_RETURN_TYPE = YES_ERROR;
				GCC_WARN_UNDECLARED_SELECTOR = YES;
				GCC_WARN_UNINITIALIZED_AUTOS = YES_AGGRESSIVE;
				GCC_WARN_UNUSED_FUNCTION = YES;
				GCC_WARN_UNUSED_VARIABLE = YES;
				IPHONEOS_DEPLOYMENT_TARGET = 12.4;
				MTL_ENABLE_DEBUG_INFO = NO;
				MTL_FAST_MATH = YES;
				SDKROOT = iphoneos;
				SWIFT_COMPILATION_MODE = wholemodule;
				SWIFT_OPTIMIZATION_LEVEL = "-O";
				VALIDATE_PRODUCT = YES;
			};
			name = Release;
		};
		EAD7C82923C1E3870074A554 /* Debug */ = {
			isa = XCBuildConfiguration;
			buildSettings = {
				ASSETCATALOG_COMPILER_APPICON_NAME = AppIcon;
				CODE_SIGN_STYLE = Automatic;
				INFOPLIST_FILE = AlHwvcDemo/Info.plist;
				LD_RUNPATH_SEARCH_PATHS = (
					"$(inherited)",
					"@executable_path/Frameworks",
				);
				PRODUCT_BUNDLE_IDENTIFIER = Alimin.AlHwvcDemo;
				PRODUCT_NAME = "$(TARGET_NAME)";
				SWIFT_VERSION = 5.0;
				TARGETED_DEVICE_FAMILY = "1,2";
			};
			name = Debug;
		};
		EAD7C82A23C1E3870074A554 /* Release */ = {
			isa = XCBuildConfiguration;
			buildSettings = {
				ASSETCATALOG_COMPILER_APPICON_NAME = AppIcon;
				CODE_SIGN_STYLE = Automatic;
				INFOPLIST_FILE = AlHwvcDemo/Info.plist;
				LD_RUNPATH_SEARCH_PATHS = (
					"$(inherited)",
					"@executable_path/Frameworks",
				);
				PRODUCT_BUNDLE_IDENTIFIER = Alimin.AlHwvcDemo;
				PRODUCT_NAME = "$(TARGET_NAME)";
				SWIFT_VERSION = 5.0;
				TARGETED_DEVICE_FAMILY = "1,2";
			};
			name = Release;
		};
/* End XCBuildConfiguration section */

/* Begin XCConfigurationList section */
		EAD7C81123C1E3860074A554 /* Build configuration list for PBXProject "AlHwvcDemo" */ = {
			isa = XCConfigurationList;
			buildConfigurations = (
				EAD7C82623C1E3870074A554 /* Debug */,
				EAD7C82723C1E3870074A554 /* Release */,
			);
			defaultConfigurationIsVisible = 0;
			defaultConfigurationName = Release;
		};
		EAD7C82823C1E3870074A554 /* Build configuration list for PBXNativeTarget "AlHwvcDemo" */ = {
			isa = XCConfigurationList;
			buildConfigurations = (
				EAD7C82923C1E3870074A554 /* Debug */,
				EAD7C82A23C1E3870074A554 /* Release */,
			);
			defaultConfigurationIsVisible = 0;
			defaultConfigurationName = Release;
		};
/* End XCConfigurationList section */
	};
	rootObject = EAD7C80E23C1E3860074A554 /* Project object */;
}
